{
  "name": "whitelister",
  "version": "1.0.0",
  "lockfileVersion": 2,
  "requires": true,
  "packages": {
    "": {
      "version": "1.0.0",
      "license": "MIT",
      "dependencies": {
        "pterodactyl.js": "^2.1.1"
      }
    },
    "node_modules/node-fetch": {
      "version": "2.6.1",
      "resolved": "https://registry.npmjs.org/node-fetch/-/node-fetch-2.6.1.tgz",
      "integrity": "sha512-V4aYg89jEoVRxRb2fJdAg8FHvI7cEyYdVAh94HH0UIK8oJxUfkjlDQN9RbMx+bEjP7+ggMiFRprSti032Oipxw==",
      "engines": {
        "node": "4.x || >=6.0.0"
      }
    },
    "node_modules/pterodactyl.js": {
      "version": "2.1.1",
      "resolved": "https://registry.npmjs.org/pterodactyl.js/-/pterodactyl.js-2.1.1.tgz",
      "integrity": "sha512-F48PXw/LlfSFjRk/upDVkPJ4zvnaz8JqNlYkMWLXQ/ZhuUDOLP4c0Ll+t8q1KZqSEwKHfKocSlPXNwWPtYQT5w==",
      "dependencies": {
        "node-fetch": "^2.6.0"
      }
    }
  },
  "dependencies": {
    "node-fetch": {
      "version": "2.6.1",
      "resolved": "https://registry.npmjs.org/node-fetch/-/node-fetch-2.6.1.tgz",
      "integrity": "sha512-V4aYg89jEoVRxRb2fJdAg8FHvI7cEyYdVAh94HH0UIK8oJxUfkjlDQN9RbMx+bEjP7+ggMiFRprSti032Oipxw=="
    },
    "pterodactyl.js": {
      "version": "2.1.1",
      "resolved": "https://registry.npmjs.org/pterodactyl.js/-/pterodactyl.js-2.1.1.tgz",
      "integrity": "sha512-F48PXw/LlfSFjRk/upDVkPJ4zvnaz8JqNlYkMWLXQ/ZhuUDOLP4c0Ll+t8q1KZqSEwKHfKocSlPXNwWPtYQT5w==",
      "requires": {
        "node-fetch": "^2.6.0"
      }
    }
  }
}
